
Microsoft Visual Studio Solution File, Format Version 12.00
# Visual Studio Version 17
VisualStudioVersion = 17.0.31717.71
MinimumVisualStudioVersion = 10.0.40219.1
Project("{FAE04EC0-301F-11D3-BF4B-00C04F79EFBC}") = "Avaliação19.10", "Avaliação19.10.csproj", "{A302E6D2-908F-4726-BC51-C14FAD1D04EC}"
EndProject
Global
	GlobalSection(SolutionConfigurationPlatforms) = preSolution
		Debug|Any CPU = Debug|Any CPU
		Release|Any CPU = Release|Any CPU
	EndGlobalSection
	GlobalSection(ProjectConfigurationPlatforms) = postSolution
		{A302E6D2-908F-4726-BC51-C14FAD1D04EC}.Debug|Any CPU.ActiveCfg = Debug|Any CPU
		{A302E6D2-908F-4726-BC51-C14FAD1D04EC}.Debug|Any CPU.Build.0 = Debug|Any CPU
		{A302E6D2-908F-4726-BC51-C14FAD1D04EC}.Release|Any CPU.ActiveCfg = Release|Any CPU
		{A302E6D2-908F-4726-BC51-C14FAD1D04EC}.Release|Any CPU.Build.0 = Release|Any CPU
	EndGlobalSection
	GlobalSection(SolutionProperties) = preSolution
		HideSolutionNode = FALSE
	EndGlobalSection
	GlobalSection(ExtensibilityGlobals) = postSolution
		SolutionGuid = {C73EBEFF-971B-48DA-93BA-B92F7B9DDF3B}
	EndGlobalSection
EndGlobal
